
Microsoft Visual Studio Solution File, Format Version 12.00
# Visual Studio Version 17
VisualStudioVersion = 17.11.35327.3
MinimumVisualStudioVersion = 10.0.40219.1
Project("{FAE04EC0-301F-11D3-BF4B-00C04F79EFBC}") = "MarketWevers_Northwind", "MarketWevers_Northwind\MarketWevers_Northwind.csproj", "{D7C897C5-44AE-4559-A154-4D0D75C849F2}"
EndProject
Global
	GlobalSection(SolutionConfigurationPlatforms) = preSolution
		Debug|Any CPU = Debug|Any CPU
		Release|Any CPU = Release|Any CPU
	EndGlobalSection
	GlobalSection(ProjectConfigurationPlatforms) = postSolution
		{D7C897C5-44AE-4559-A154-4D0D75C849F2}.Debug|Any CPU.ActiveCfg = Debug|Any CPU
		{D7C897C5-44AE-4559-A154-4D0D75C849F2}.Debug|Any CPU.Build.0 = Debug|Any CPU
		{D7C897C5-44AE-4559-A154-4D0D75C849F2}.Release|Any CPU.ActiveCfg = Release|Any CPU
		{D7C897C5-44AE-4559-A154-4D0D75C849F2}.Release|Any CPU.Build.0 = Release|Any CPU
	EndGlobalSection
	GlobalSection(SolutionProperties) = preSolution
		HideSolutionNode = FALSE
	EndGlobalSection
	GlobalSection(ExtensibilityGlobals) = postSolution
		SolutionGuid = {AC796AE0-36C5-46DE-8F4A-63E420CC230B}
	EndGlobalSection
EndGlobal
